
Microsoft Visual Studio Solution File, Format Version 12.00
# Visual Studio Version 17
VisualStudioVersion = 17.4.33205.214
MinimumVisualStudioVersion = 10.0.40219.1
Project("{FAE04EC0-301F-11D3-BF4B-00C04F79EFBC}") = "Week14OOP", "Week14OOP\Week14OOP.csproj", "{3231F6AC-7050-499A-B8C4-056A132CE87F}"
EndProject
Global
	GlobalSection(SolutionConfigurationPlatforms) = preSolution
		Debug|Any CPU = Debug|Any CPU
		Release|Any CPU = Release|Any CPU
	EndGlobalSection
	GlobalSection(ProjectConfigurationPlatforms) = postSolution
		{3231F6AC-7050-499A-B8C4-056A132CE87F}.Debug|Any CPU.ActiveCfg = Debug|Any CPU
		{3231F6AC-7050-499A-B8C4-056A132CE87F}.Debug|Any CPU.Build.0 = Debug|Any CPU
		{3231F6AC-7050-499A-B8C4-056A132CE87F}.Release|Any CPU.ActiveCfg = Release|Any CPU
		{3231F6AC-7050-499A-B8C4-056A132CE87F}.Release|Any CPU.Build.0 = Release|Any CPU
	EndGlobalSection
	GlobalSection(SolutionProperties) = preSolution
		HideSolutionNode = FALSE
	EndGlobalSection
	GlobalSection(ExtensibilityGlobals) = postSolution
		SolutionGuid = {10FFB35B-3587-4ED3-B2E3-B5598D323FC0}
	EndGlobalSection
EndGlobal
